
Microsoft Visual Studio Solution File, Format Version 12.00
# Visual Studio 15
VisualStudioVersion = 15.0.27130.2036
MinimumVisualStudioVersion = 10.0.40219.1
Project("{FAE04EC0-301F-11D3-BF4B-00C04F79EFBC}") = "Toikka.Oppari.UnitTests", "Toikka.Oppari.UnitTests\Toikka.Oppari.UnitTests.csproj", "{DEBDF795-0A61-4C7E-8D51-8B0FFCFDB844}"
EndProject
Global
	GlobalSection(SolutionConfigurationPlatforms) = preSolution
		Debug|Any CPU = Debug|Any CPU
		Release|Any CPU = Release|Any CPU
	EndGlobalSection
	GlobalSection(ProjectConfigurationPlatforms) = postSolution
		{DEBDF795-0A61-4C7E-8D51-8B0FFCFDB844}.Debug|Any CPU.ActiveCfg = Debug|Any CPU
		{DEBDF795-0A61-4C7E-8D51-8B0FFCFDB844}.Debug|Any CPU.Build.0 = Debug|Any CPU
		{DEBDF795-0A61-4C7E-8D51-8B0FFCFDB844}.Release|Any CPU.ActiveCfg = Release|Any CPU
		{DEBDF795-0A61-4C7E-8D51-8B0FFCFDB844}.Release|Any CPU.Build.0 = Release|Any CPU
	EndGlobalSection
	GlobalSection(SolutionProperties) = preSolution
		HideSolutionNode = FALSE
	EndGlobalSection
	GlobalSection(ExtensibilityGlobals) = postSolution
		SolutionGuid = {5525D356-68FC-4E54-9428-6E5B386030E5}
	EndGlobalSection
EndGlobal
